
Microsoft Visual Studio Solution File, Format Version 12.00
Project("{FAE04EC0-301F-11D3-BF4B-00C04F79EFBC}") = "FusionRocks", "FusionRocks\FusionRocks.csproj", "{6F50C6FE-690D-4114-A023-A2441F88F7E5}"
EndProject
Project("{FAE04EC0-301F-11D3-BF4B-00C04F79EFBC}") = "FusionRocks.Tests", "FusionRocks.Tests\FusionRocks.Tests.csproj", "{CDB9232F-7577-4068-8DB0-5FAF9C09A61A}"
EndProject
Project("{2150E333-8FDC-42A3-9474-1A3956D46DE8}") = "src", "src", "{5ACE0CAB-D02F-4265-A272-C8A63FD9D1E5}"
EndProject
Project("{2150E333-8FDC-42A3-9474-1A3956D46DE8}") = "demo", "demo", "{A739BCE1-A853-4651-A90E-2631F39CF7CA}"
EndProject
Project("{FAE04EC0-301F-11D3-BF4B-00C04F79EFBC}") = "FusionDemo", "..\demo\FusionDemo\FusionDemo.csproj", "{B566FBB3-398E-4DE7-A87B-2CF17CF755FE}"
EndProject
Project("{2150E333-8FDC-42A3-9474-1A3956D46DE8}") = "build", "build", "{C7549218-4FCB-4E95-BA1F-BBE1720B45F3}"
	ProjectSection(SolutionItems) = preProject
		..\build\default.props = ..\build\default.props
	EndProjectSection
EndProject
Global
	GlobalSection(SolutionConfigurationPlatforms) = preSolution
		Debug|Any CPU = Debug|Any CPU
		Release|Any CPU = Release|Any CPU
	EndGlobalSection
	GlobalSection(ProjectConfigurationPlatforms) = postSolution
		{6F50C6FE-690D-4114-A023-A2441F88F7E5}.Debug|Any CPU.ActiveCfg = Debug|Any CPU
		{6F50C6FE-690D-4114-A023-A2441F88F7E5}.Debug|Any CPU.Build.0 = Debug|Any CPU
		{6F50C6FE-690D-4114-A023-A2441F88F7E5}.Release|Any CPU.ActiveCfg = Release|Any CPU
		{6F50C6FE-690D-4114-A023-A2441F88F7E5}.Release|Any CPU.Build.0 = Release|Any CPU
		{CDB9232F-7577-4068-8DB0-5FAF9C09A61A}.Debug|Any CPU.ActiveCfg = Debug|Any CPU
		{CDB9232F-7577-4068-8DB0-5FAF9C09A61A}.Debug|Any CPU.Build.0 = Debug|Any CPU
		{CDB9232F-7577-4068-8DB0-5FAF9C09A61A}.Release|Any CPU.ActiveCfg = Release|Any CPU
		{CDB9232F-7577-4068-8DB0-5FAF9C09A61A}.Release|Any CPU.Build.0 = Release|Any CPU
		{B566FBB3-398E-4DE7-A87B-2CF17CF755FE}.Debug|Any CPU.ActiveCfg = Debug|Any CPU
		{B566FBB3-398E-4DE7-A87B-2CF17CF755FE}.Debug|Any CPU.Build.0 = Debug|Any CPU
		{B566FBB3-398E-4DE7-A87B-2CF17CF755FE}.Release|Any CPU.ActiveCfg = Release|Any CPU
		{B566FBB3-398E-4DE7-A87B-2CF17CF755FE}.Release|Any CPU.Build.0 = Release|Any CPU
	EndGlobalSection
	GlobalSection(NestedProjects) = preSolution
		{6F50C6FE-690D-4114-A023-A2441F88F7E5} = {5ACE0CAB-D02F-4265-A272-C8A63FD9D1E5}
		{CDB9232F-7577-4068-8DB0-5FAF9C09A61A} = {5ACE0CAB-D02F-4265-A272-C8A63FD9D1E5}
		{B566FBB3-398E-4DE7-A87B-2CF17CF755FE} = {A739BCE1-A853-4651-A90E-2631F39CF7CA}
	EndGlobalSection
EndGlobal
